// !$*UTF8*$!
{
	archiveVersion = 1;
	classes = {
	};
	objectVersion = 55;
	objects = {

/* Begin PBXBuildFile section */
		FD84C2F8283F961E00C7DCD6 /* AppDelegate.swift in Sources */ = {isa = PBXBuildFile; fileRef = FD84C2F7283F961E00C7DCD6 /* AppDelegate.swift */; };
		FD84C2FA283F961E00C7DCD6 /* SceneDelegate.swift in Sources */ = {isa = PBXBuildFile; fileRef = FD84C2F9283F961E00C7DCD6 /* SceneDelegate.swift */; };
		FD84C2FC283F961E00C7DCD6 /* ViewController.swift in Sources */ = {isa = PBXBuildFile; fileRef = FD84C2FB283F961E00C7DCD6 /* ViewController.swift */; };
		FD84C2FF283F961E00C7DCD6 /* Main.storyboard in Resources */ = {isa = PBXBuildFile; fileRef = FD84C2FD283F961E00C7DCD6 /* Main.storyboard */; };
		FD84C301283F961F00C7DCD6 /* Assets.xcassets in Resources */ = {isa = PBXBuildFile; fileRef = FD84C300283F961F00C7DCD6 /* Assets.xcassets */; };
		FD84C304283F961F00C7DCD6 /* LaunchScreen.storyboard in Resources */ = {isa = PBXBuildFile; fileRef = FD84C302283F961F00C7DCD6 /* LaunchScreen.storyboard */; };
		FD84C30C283F96AD00C7DCD6 /* EmojiTableViewController.swift in Sources */ = {isa = PBXBuildFile; fileRef = FD84C30B283F96AD00C7DCD6 /* EmojiTableViewController.swift */; };
		FD84C30E283F9F8C00C7DCD6 /* EmojiTableViewCell.swift in Sources */ = {isa = PBXBuildFile; fileRef = FD84C30D283F9F8C00C7DCD6 /* EmojiTableViewCell.swift */; };
/* End PBXBuildFile section */

/* Begin PBXFileReference section */
		FD84C2F4283F961E00C7DCD6 /* EmojiPorject2.app */ = {isa = PBXFileReference; explicitFileType = wrapper.application; includeInIndex = 0; path = EmojiPorject2.app; sourceTree = BUILT_PRODUCTS_DIR; };
		FD84C2F7283F961E00C7DCD6 /* AppDelegate.swift */ = {isa = PBXFileReference; lastKnownFileType = sourcecode.swift; path = AppDelegate.swift; sourceTree = "<group>"; };
		FD84C2F9283F961E00C7DCD6 /* SceneDelegate.swift */ = {isa = PBXFileReference; lastKnownFileType = sourcecode.swift; path = SceneDelegate.swift; sourceTree = "<group>"; };
		FD84C2FB283F961E00C7DCD6 /* ViewController.swift */ = {isa = PBXFileReference; lastKnownFileType = sourcecode.swift; path = ViewController.swift; sourceTree = "<group>"; };
		FD84C2FE283F961E00C7DCD6 /* Base */ = {isa = PBXFileReference; lastKnownFileType = file.storyboard; name = Base; path = Base.lproj/Main.storyboard; sourceTree = "<group>"; };
		FD84C300283F961F00C7DCD6 /* Assets.xcassets */ = {isa = PBXFileReference; lastKnownFileType = folder.assetcatalog; path = Assets.xcassets; sourceTree = "<group>"; };
		FD84C303283F961F00C7DCD6 /* Base */ = {isa = PBXFileReference; lastKnownFileType = file.storyboard; name = Base; path = Base.lproj/LaunchScreen.storyboard; sourceTree = "<group>"; };
		FD84C305283F961F00C7DCD6 /* Info.plist */ = {isa = PBXFileReference; lastKnownFileType = text.plist.xml; path = Info.plist; sourceTree = "<group>"; };
		FD84C30B283F96AD00C7DCD6 /* EmojiTableViewController.swift */ = {isa = PBXFileReference; lastKnownFileType = sourcecode.swift; path = EmojiTableViewController.swift; sourceTree = "<group>"; };
		FD84C30D283F9F8C00C7DCD6 /* EmojiTableViewCell.swift */ = {isa = PBXFileReference; lastKnownFileType = sourcecode.swift; path = EmojiTableViewCell.swift; sourceTree = "<group>"; };
/* End PBXFileReference section */

/* Begin PBXFrameworksBuildPhase section */
		FD84C2F1283F961E00C7DCD6 /* Frameworks */ = {
			isa = PBXFrameworksBuildPhase;
			buildActionMask = 2147483647;
			files = (
			);
			runOnlyForDeploymentPostprocessing = 0;
		};
/* End PBXFrameworksBuildPhase section */

/* Begin PBXGroup section */
		FD84C2EB283F961E00C7DCD6 = {
			isa = PBXGroup;
			children = (
				FD84C2F6283F961E00C7DCD6 /* EmojiPorject2 */,
				FD84C2F5283F961E00C7DCD6 /* Products */,
			);
			sourceTree = "<group>";
		};
		FD84C2F5283F961E00C7DCD6 /* Products */ = {
			isa = PBXGroup;
			children = (
				FD84C2F4283F961E00C7DCD6 /* EmojiPorject2.app */,
			);
			name = Products;
			sourceTree = "<group>";
		};
		FD84C2F6283F961E00C7DCD6 /* EmojiPorject2 */ = {
			isa = PBXGroup;
			children = (
				FD84C30B283F96AD00C7DCD6 /* EmojiTableViewController.swift */,
				FD84C30D283F9F8C00C7DCD6 /* EmojiTableViewCell.swift */,
				FD84C2F7283F961E00C7DCD6 /* AppDelegate.swift */,
				FD84C2F9283F961E00C7DCD6 /* SceneDelegate.swift */,
				FD84C2FB283F961E00C7DCD6 /* ViewController.swift */,
				FD84C2FD283F961E00C7DCD6 /* Main.storyboard */,
				FD84C300283F961F00C7DCD6 /* Assets.xcassets */,
				FD84C302283F961F00C7DCD6 /* LaunchScreen.storyboard */,
				FD84C305283F961F00C7DCD6 /* Info.plist */,
			);
			path = EmojiPorject2;
			sourceTree = "<group>";
		};
/* End PBXGroup section */

/* Begin PBXNativeTarget section */
		FD84C2F3283F961E00C7DCD6 /* EmojiPorject2 */ = {
			isa = PBXNativeTarget;
			buildConfigurationList = FD84C308283F961F00C7DCD6 /* Build configuration list for PBXNativeTarget "EmojiPorject2" */;
			buildPhases = (
				FD84C2F0283F961E00C7DCD6 /* Sources */,
				FD84C2F1283F961E00C7DCD6 /* Frameworks */,
				FD84C2F2283F961E00C7DCD6 /* Resources */,
			);
			buildRules = (
			);
			dependencies = (
			);
			name = EmojiPorject2;
			productName = EmojiPorject2;
			productReference = FD84C2F4283F961E00C7DCD6 /* EmojiPorject2.app */;
			productType = "com.apple.product-type.application";
		};
/* End PBXNativeTarget section */

/* Begin PBXProject section */
		FD84C2EC283F961E00C7DCD6 /* Project object */ = {
			isa = PBXProject;
			attributes = {
				BuildIndependentTargetsInParallel = 1;
				LastSwiftUpdateCheck = 1340;
				LastUpgradeCheck = 1340;
				TargetAttributes = {
					FD84C2F3283F961E00C7DCD6 = {
						CreatedOnToolsVersion = 13.4;
					};
				};
			};
			buildConfigurationList = FD84C2EF283F961E00C7DCD6 /* Build configuration list for PBXProject "EmojiPorject2" */;
			compatibilityVersion = "Xcode 13.0";
			developmentRegion = en;
			hasScannedForEncodings = 0;
			knownRegions = (
				en,
				Base,
			);
			mainGroup = FD84C2EB283F961E00C7DCD6;
			productRefGroup = FD84C2F5283F961E00C7DCD6 /* Products */;
			projectDirPath = "";
			projectRoot = "";
			targets = (
				FD84C2F3283F961E00C7DCD6 /* EmojiPorject2 */,
			);
		};
/* End PBXProject section */

/* Begin PBXResourcesBuildPhase section */
		FD84C2F2283F961E00C7DCD6 /* Resources */ = {
			isa = PBXResourcesBuildPhase;
			buildActionMask = 2147483647;
			files = (
				FD84C304283F961F00C7DCD6 /* LaunchScreen.storyboard in Resources */,
				FD84C301283F961F00C7DCD6 /* Assets.xcassets in Resources */,
				FD84C2FF283F961E00C7DCD6 /* Main.storyboard in Resources */,
			);
			runOnlyForDeploymentPostprocessing = 0;
		};
/* End PBXResourcesBuildPhase section */

/* Begin PBXSourcesBuildPhase section */
		FD84C2F0283F961E00C7DCD6 /* Sources */ = {
			isa = PBXSourcesBuildPhase;
			buildActionMask = 2147483647;
			files = (
				FD84C30C283F96AD00C7DCD6 /* EmojiTableViewController.swift in Sources */,
				FD84C2FC283F961E00C7DCD6 /* ViewController.swift in Sources */,
				FD84C30E283F9F8C00C7DCD6 /* EmojiTableViewCell.swift in Sources */,
				FD84C2F8283F961E00C7DCD6 /* AppDelegate.swift in Sources */,
				FD84C2FA283F961E00C7DCD6 /* SceneDelegate.swift in Sources */,
			);
			runOnlyForDeploymentPostprocessing = 0;
		};
/* End PBXSourcesBuildPhase section */

/* Begin PBXVariantGroup section */
		FD84C2FD283F961E00C7DCD6 /* Main.storyboard */ = {
			isa = PBXVariantGroup;
			children = (
				FD84C2FE283F961E00C7DCD6 /* Base */,
			);
			name = Main.storyboard;
			sourceTree = "<group>";
		};
		FD84C302283F961F00C7DCD6 /* LaunchScreen.storyboard */ = {
			isa = PBXVariantGroup;
			children = (
				FD84C303283F961F00C7DCD6 /* Base */,
			);
			name = LaunchScreen.storyboard;
			sourceTree = "<group>";
		};
/* End PBXVariantGroup section */

/* Begin XCBuildConfiguration section */
		FD84C306283F961F00C7DCD6 /* Debug */ = {
			isa = XCBuildConfiguration;
			buildSettings = {
				ALWAYS_SEARCH_USER_PATHS = NO;
				CLANG_ANALYZER_NONNULL = YES;
				CLANG_ANALYZER_NUMBER_OBJECT_CONVERSION = YES_AGGRESSIVE;
				CLANG_CXX_LANGUAGE_STANDARD = "gnu++17";
				CLANG_ENABLE_MODULES = YES;
				CLANG_ENABLE_OBJC_ARC = YES;
				CLANG_ENABLE_OBJC_WEAK = YES;
				CLANG_WARN_BLOCK_CAPTURE_AUTORELEASING = YES;
				CLANG_WARN_BOOL_CONVERSION = YES;
				CLANG_WARN_COMMA = YES;
				CLANG_WARN_CONSTANT_CONVERSION = YES;
				CLANG_WARN_DEPRECATED_OBJC_IMPLEMENTATIONS = YES;
				CLANG_WARN_DIRECT_OBJC_ISA_USAGE = YES_ERROR;
				CLANG_WARN_DOCUMENTATION_COMMENTS = YES;
				CLANG_WARN_EMPTY_BODY = YES;
				CLANG_WARN_ENUM_CONVERSION = YES;
				CLANG_WARN_INFINITE_RECURSION = YES;
				CLANG_WARN_INT_CONVERSION = YES;
				CLANG_WARN_NON_LITERAL_NULL_CONVERSION = YES;
				CLANG_WARN_OBJC_IMPLICIT_RETAIN_SELF = YES;
				CLANG_WARN_OBJC_LITERAL_CONVERSION = YES;
				CLANG_WARN_OBJC_ROOT_CLASS = YES_ERROR;
				CLANG_WARN_QUOTED_INCLUDE_IN_FRAMEWORK_HEADER = YES;
				CLANG_WARN_RANGE_LOOP_ANALYSIS = YES;
				CLANG_WARN_STRICT_PROTOTYPES = YES;
				CLANG_WARN_SUSPICIOUS_MOVE = YES;
				CLANG_WARN_UNGUARDED_AVAILABILITY = YES_AGGRESSIVE;
				CLANG_WARN_UNREACHABLE_CODE = YES;
				CLANG_WARN__DUPLICATE_METHOD_MATCH = YES;
				COPY_PHASE_STRIP = NO;
				DEBUG_INFORMATION_FORMAT = dwarf;
				ENABLE_STRICT_OBJC_MSGSEND = YES;
				ENABLE_TESTABILITY = YES;
				GCC_C_LANGUAGE_STANDARD = gnu11;
				GCC_DYNAMIC_NO_PIC = NO;
				GCC_NO_COMMON_BLOCKS = YES;
				GCC_OPTIMIZATION_LEVEL = 0;
				GCC_PREPROCESSOR_DEFINITIONS = (
					"DEBUG=1",
					"$(inherited)",
				);
				GCC_WARN_64_TO_32_BIT_CONVERSION = YES;
				GCC_WARN_ABOUT_RETURN_TYPE = YES_ERROR;
				GCC_WARN_UNDECLARED_SELECTOR = YES;
				GCC_WARN_UNINITIALIZED_AUTOS = YES_AGGRESSIVE;
				GCC_WARN_UNUSED_FUNCTION = YES;
				GCC_WARN_UNUSED_VARIABLE = YES;
				IPHONEOS_DEPLOYMENT_TARGET = 15.5;
				MTL_ENABLE_DEBUG_INFO = INCLUDE_SOURCE;
				MTL_FAST_MATH = YES;
				ONLY_ACTIVE_ARCH = YES;
				SDKROOT = iphoneos;
				SWIFT_ACTIVE_COMPILATION_CONDITIONS = DEBUG;
				SWIFT_OPTIMIZATION_LEVEL = "-Onone";
			};
			name = Debug;
		};
		FD84C307283F961F00C7DCD6 /* Release */ = {
			isa = XCBuildConfiguration;
			buildSettings = {
				ALWAYS_SEARCH_USER_PATHS = NO;
				CLANG_ANALYZER_NONNULL = YES;
				CLANG_ANALYZER_NUMBER_OBJECT_CONVERSION = YES_AGGRESSIVE;
				CLANG_CXX_LANGUAGE_STANDARD = "gnu++17";
				CLANG_ENABLE_MODULES = YES;
				CLANG_ENABLE_OBJC_ARC = YES;
				CLANG_ENABLE_OBJC_WEAK = YES;
				CLANG_WARN_BLOCK_CAPTURE_AUTORELEASING = YES;
				CLANG_WARN_BOOL_CONVERSION = YES;
				CLANG_WARN_COMMA = YES;
				CLANG_WARN_CONSTANT_CONVERSION = YES;
				CLANG_WARN_DEPRECATED_OBJC_IMPLEMENTATIONS = YES;
				CLANG_WARN_DIRECT_OBJC_ISA_USAGE = YES_ERROR;
				CLANG_WARN_DOCUMENTATION_COMMENTS = YES;
				CLANG_WARN_EMPTY_BODY = YES;
				CLANG_WARN_ENUM_CONVERSION = YES;
				CLANG_WARN_INFINITE_RECURSION = YES;
				CLANG_WARN_INT_CONVERSION = YES;
				CLANG_WARN_NON_LITERAL_NULL_CONVERSION = YES;
				CLANG_WARN_OBJC_IMPLICIT_RETAIN_SELF = YES;
				CLANG_WARN_OBJC_LITERAL_CONVERSION = YES;
				CLANG_WARN_OBJC_ROOT_CLASS = YES_ERROR;
				CLANG_WARN_QUOTED_INCLUDE_IN_FRAMEWORK_HEADER = YES;
				CLANG_WARN_RANGE_LOOP_ANALYSIS = YES;
				CLANG_WARN_STRICT_PROTOTYPES = YES;
				CLANG_WARN_SUSPICIOUS_MOVE = YES;
				CLANG_WARN_UNGUARDED_AVAILABILITY = YES_AGGRESSIVE;
				CLANG_WARN_UNREACHABLE_CODE = YES;
				CLANG_WARN__DUPLICATE_METHOD_MATCH = YES;
				COPY_PHASE_STRIP = NO;
				DEBUG_INFORMATION_FORMAT = "dwarf-with-dsym";
				ENABLE_NS_ASSERTIONS = NO;
				ENABLE_STRICT_OBJC_MSGSEND = YES;
				GCC_C_LANGUAGE_STANDARD = gnu11;
				GCC_NO_COMMON_BLOCKS = YES;
				GCC_WARN_64_TO_32_BIT_CONVERSION = YES;
				GCC_WARN_ABOUT_RETURN_TYPE = YES_ERROR;
				GCC_WARN_UNDECLARED_SELECTOR = YES;
				GCC_WARN_UNINITIALIZED_AUTOS = YES_AGGRESSIVE;
				GCC_WARN_UNUSED_FUNCTION = YES;
				GCC_WARN_UNUSED_VARIABLE = YES;
				IPHONEOS_DEPLOYMENT_TARGET = 15.5;
				MTL_ENABLE_DEBUG_INFO = NO;
				MTL_FAST_MATH = YES;
				SDKROOT = iphoneos;
				SWIFT_COMPILATION_MODE = wholemodule;
				SWIFT_OPTIMIZATION_LEVEL = "-O";
				VALIDATE_PRODUCT = YES;
			};
			name = Release;
		};
		FD84C309283F961F00C7DCD6 /* Debug */ = {
			isa = XCBuildConfiguration;
			buildSettings = {
				ASSETCATALOG_COMPILER_APPICON_NAME = AppIcon;
				ASSETCATALOG_COMPILER_GLOBAL_ACCENT_COLOR_NAME = AccentColor;
				CODE_SIGN_STYLE = Automatic;
				CURRENT_PROJECT_VERSION = 1;
				DEVELOPMENT_TEAM = M85GRCBPTY;
				GENERATE_INFOPLIST_FILE = YES;
				INFOPLIST_FILE = EmojiPorject2/Info.plist;
				INFOPLIST_KEY_UIApplicationSupportsIndirectInputEvents = YES;
				INFOPLIST_KEY_UILaunchStoryboardName = LaunchScreen;
				INFOPLIST_KEY_UIMainStoryboardFile = Main;
				INFOPLIST_KEY_UISupportedInterfaceOrientations_iPad = "UIInterfaceOrientationPortrait UIInterfaceOrientationPortraitUpsideDown UIInterfaceOrientationLandscapeLeft UIInterfaceOrientationLandscapeRight";
				INFOPLIST_KEY_UISupportedInterfaceOrientations_iPhone = "UIInterfaceOrientationPortrait UIInterfaceOrientationLandscapeLeft UIInterfaceOrientationLandscapeRight";
				LD_RUNPATH_SEARCH_PATHS = (
					"$(inherited)",
					"@executable_path/Frameworks",
				);
				MARKETING_VERSION = 1.0;
				PRODUCT_BUNDLE_IDENTIFIER = Ilay.EmojiPorject2;
				PRODUCT_NAME = "$(TARGET_NAME)";
				SWIFT_EMIT_LOC_STRINGS = YES;
				SWIFT_VERSION = 5.0;
				TARGETED_DEVICE_FAMILY = "1,2";
			};
			name = Debug;
		};
		FD84C30A283F961F00C7DCD6 /* Release */ = {
			isa = XCBuildConfiguration;
			buildSettings = {
				ASSETCATALOG_COMPILER_APPICON_NAME = AppIcon;
				ASSETCATALOG_COMPILER_GLOBAL_ACCENT_COLOR_NAME = AccentColor;
				CODE_SIGN_STYLE = Automatic;
				CURRENT_PROJECT_VERSION = 1;
				DEVELOPMENT_TEAM = M85GRCBPTY;
				GENERATE_INFOPLIST_FILE = YES;
				INFOPLIST_FILE = EmojiPorject2/Info.plist;
				INFOPLIST_KEY_UIApplicationSupportsIndirectInputEvents = YES;
				INFOPLIST_KEY_UILaunchStoryboardName = LaunchScreen;
				INFOPLIST_KEY_UIMainStoryboardFile = Main;
				INFOPLIST_KEY_UISupportedInterfaceOrientations_iPad = "UIInterfaceOrientationPortrait UIInterfaceOrientationPortraitUpsideDown UIInterfaceOrientationLandscapeLeft UIInterfaceOrientationLandscapeRight";
				INFOPLIST_KEY_UISupportedInterfaceOrientations_iPhone = "UIInterfaceOrientationPortrait UIInterfaceOrientationLandscapeLeft UIInterfaceOrientationLandscapeRight";
				LD_RUNPATH_SEARCH_PATHS = (
					"$(inherited)",
					"@executable_path/Frameworks",
				);
				MARKETING_VERSION = 1.0;
				PRODUCT_BUNDLE_IDENTIFIER = Ilay.EmojiPorject2;
				PRODUCT_NAME = "$(TARGET_NAME)";
				SWIFT_EMIT_LOC_STRINGS = YES;
				SWIFT_VERSION = 5.0;
				TARGETED_DEVICE_FAMILY = "1,2";
			};
			name = Release;
		};
/* End XCBuildConfiguration section */

/* Begin XCConfigurationList section */
		FD84C2EF283F961E00C7DCD6 /* Build configuration list for PBXProject "EmojiPorject2" */ = {
			isa = XCConfigurationList;
			buildConfigurations = (
				FD84C306283F961F00C7DCD6 /* Debug */,
				FD84C307283F961F00C7DCD6 /* Release */,
			);
			defaultConfigurationIsVisible = 0;
			defaultConfigurationName = Release;
		};
		FD84C308283F961F00C7DCD6 /* Build configuration list for PBXNativeTarget "EmojiPorject2" */ = {
			isa = XCConfigurationList;
			buildConfigurations = (
				FD84C309283F961F00C7DCD6 /* Debug */,
				FD84C30A283F961F00C7DCD6 /* Release */,
			);
			defaultConfigurationIsVisible = 0;
			defaultConfigurationName = Release;
		};
/* End XCConfigurationList section */
	};
	rootObject = FD84C2EC283F961E00C7DCD6 /* Project object */;
}
